
Microsoft Visual Studio Solution File, Format Version 12.00
# Visual Studio Version 16
VisualStudioVersion = 16.0.30907.101
MinimumVisualStudioVersion = 10.0.40219.1
Project("{8BC9CEB8-8B4A-11D0-8D11-00A0C91BC942}") = "RabiCpp", "RabiCpp.vcxproj", "{090141A4-A10F-4F28-A85A-8E9F456E5BFA}"
EndProject
Global
	GlobalSection(SolutionConfigurationPlatforms) = preSolution
		Debug|x64 = Debug|x64
		Debug|x86 = Debug|x86
		Release|x64 = Release|x64
		Release|x86 = Release|x86
	EndGlobalSection
	GlobalSection(ProjectConfigurationPlatforms) = postSolution
		{090141A4-A10F-4F28-A85A-8E9F456E5BFA}.Debug|x64.ActiveCfg = Debug|x64
		{090141A4-A10F-4F28-A85A-8E9F456E5BFA}.Debug|x64.Build.0 = Debug|x64
		{090141A4-A10F-4F28-A85A-8E9F456E5BFA}.Debug|x86.ActiveCfg = Debug|Win32
		{090141A4-A10F-4F28-A85A-8E9F456E5BFA}.Debug|x86.Build.0 = Debug|Win32
		{090141A4-A10F-4F28-A85A-8E9F456E5BFA}.Release|x64.ActiveCfg = Release|x64
		{090141A4-A10F-4F28-A85A-8E9F456E5BFA}.Release|x64.Build.0 = Release|x64
		{090141A4-A10F-4F28-A85A-8E9F456E5BFA}.Release|x86.ActiveCfg = Release|Win32
		{090141A4-A10F-4F28-A85A-8E9F456E5BFA}.Release|x86.Build.0 = Release|Win32
	EndGlobalSection
	GlobalSection(SolutionProperties) = preSolution
		HideSolutionNode = FALSE
	EndGlobalSection
	GlobalSection(ExtensibilityGlobals) = postSolution
		SolutionGuid = {711AA0A7-0DEC-49EF-9E56-16B0D4A9FCE4}
	EndGlobalSection
EndGlobal
