
Microsoft Visual Studio Solution File, Format Version 12.00
# Visual Studio Version 16
VisualStudioVersion = 16.0.30804.86
MinimumVisualStudioVersion = 10.0.40219.1
Project("{8BC9CEB8-8B4A-11D0-8D11-00A0C91BC942}") = "Zeno_QM_Sim", "Zeno_QM_Sim\Zeno_QM_Sim.vcxproj", "{FAC74DA3-B35B-49E2-836A-00D81096473F}"
EndProject
Global
	GlobalSection(SolutionConfigurationPlatforms) = preSolution
		Debug|x64 = Debug|x64
		Debug|x86 = Debug|x86
		Release|x64 = Release|x64
		Release|x86 = Release|x86
	EndGlobalSection
	GlobalSection(ProjectConfigurationPlatforms) = postSolution
		{FAC74DA3-B35B-49E2-836A-00D81096473F}.Debug|x64.ActiveCfg = Debug|x64
		{FAC74DA3-B35B-49E2-836A-00D81096473F}.Debug|x64.Build.0 = Debug|x64
		{FAC74DA3-B35B-49E2-836A-00D81096473F}.Debug|x86.ActiveCfg = Debug|Win32
		{FAC74DA3-B35B-49E2-836A-00D81096473F}.Debug|x86.Build.0 = Debug|Win32
		{FAC74DA3-B35B-49E2-836A-00D81096473F}.Release|x64.ActiveCfg = Release|x64
		{FAC74DA3-B35B-49E2-836A-00D81096473F}.Release|x64.Build.0 = Release|x64
		{FAC74DA3-B35B-49E2-836A-00D81096473F}.Release|x86.ActiveCfg = Release|Win32
		{FAC74DA3-B35B-49E2-836A-00D81096473F}.Release|x86.Build.0 = Release|Win32
	EndGlobalSection
	GlobalSection(SolutionProperties) = preSolution
		HideSolutionNode = FALSE
	EndGlobalSection
	GlobalSection(ExtensibilityGlobals) = postSolution
		SolutionGuid = {F81F7C75-85E7-4076-855E-912A7CAA4BEF}
	EndGlobalSection
EndGlobal
